
Microsoft Visual Studio Solution File, Format Version 12.00
# Visual Studio Version 17
VisualStudioVersion = 17.9.34622.214
MinimumVisualStudioVersion = 10.0.40219.1
Project("{FAE04EC0-301F-11D3-BF4B-00C04F79EFBC}") = "Clinic", "Clicic\Clinic.csproj", "{79DBEF1E-AFEB-4C93-A1DE-C2C63ABEA87A}"
EndProject
Project("{FAE04EC0-301F-11D3-BF4B-00C04F79EFBC}") = "Domain", "Core\Domain.csproj", "{4E0D8523-D6D1-4187-8349-8232630ECF14}"
EndProject
Project("{FAE04EC0-301F-11D3-BF4B-00C04F79EFBC}") = "Application", "Application\Application.csproj", "{914FF9D9-0419-4399-93D7-3B370FDF44D2}"
EndProject
Project("{FAE04EC0-301F-11D3-BF4B-00C04F79EFBC}") = "Infrastructure", "Infrastructure\Infrastructure.csproj", "{22680E75-A7A2-4B41-A825-5464509BA9C0}"
EndProject
Global
	GlobalSection(SolutionConfigurationPlatforms) = preSolution
		Debug|Any CPU = Debug|Any CPU
		Release|Any CPU = Release|Any CPU
	EndGlobalSection
	GlobalSection(ProjectConfigurationPlatforms) = postSolution
		{79DBEF1E-AFEB-4C93-A1DE-C2C63ABEA87A}.Debug|Any CPU.ActiveCfg = Debug|Any CPU
		{79DBEF1E-AFEB-4C93-A1DE-C2C63ABEA87A}.Debug|Any CPU.Build.0 = Debug|Any CPU
		{79DBEF1E-AFEB-4C93-A1DE-C2C63ABEA87A}.Release|Any CPU.ActiveCfg = Release|Any CPU
		{79DBEF1E-AFEB-4C93-A1DE-C2C63ABEA87A}.Release|Any CPU.Build.0 = Release|Any CPU
		{4E0D8523-D6D1-4187-8349-8232630ECF14}.Debug|Any CPU.ActiveCfg = Debug|Any CPU
		{4E0D8523-D6D1-4187-8349-8232630ECF14}.Debug|Any CPU.Build.0 = Debug|Any CPU
		{4E0D8523-D6D1-4187-8349-8232630ECF14}.Release|Any CPU.ActiveCfg = Release|Any CPU
		{4E0D8523-D6D1-4187-8349-8232630ECF14}.Release|Any CPU.Build.0 = Release|Any CPU
		{914FF9D9-0419-4399-93D7-3B370FDF44D2}.Debug|Any CPU.ActiveCfg = Debug|Any CPU
		{914FF9D9-0419-4399-93D7-3B370FDF44D2}.Debug|Any CPU.Build.0 = Debug|Any CPU
		{914FF9D9-0419-4399-93D7-3B370FDF44D2}.Release|Any CPU.ActiveCfg = Release|Any CPU
		{914FF9D9-0419-4399-93D7-3B370FDF44D2}.Release|Any CPU.Build.0 = Release|Any CPU
		{22680E75-A7A2-4B41-A825-5464509BA9C0}.Debug|Any CPU.ActiveCfg = Debug|Any CPU
		{22680E75-A7A2-4B41-A825-5464509BA9C0}.Debug|Any CPU.Build.0 = Debug|Any CPU
		{22680E75-A7A2-4B41-A825-5464509BA9C0}.Release|Any CPU.ActiveCfg = Release|Any CPU
		{22680E75-A7A2-4B41-A825-5464509BA9C0}.Release|Any CPU.Build.0 = Release|Any CPU
	EndGlobalSection
	GlobalSection(SolutionProperties) = preSolution
		HideSolutionNode = FALSE
	EndGlobalSection
	GlobalSection(ExtensibilityGlobals) = postSolution
		SolutionGuid = {16167280-6D76-469C-89FF-80A1D04E4BCE}
	EndGlobalSection
EndGlobal
